
Microsoft Visual Studio Solution File, Format Version 12.00
# Visual Studio Version 17
VisualStudioVersion = 17.5.33402.96
MinimumVisualStudioVersion = 10.0.40219.1
Project("{FAE04EC0-301F-11D3-BF4B-00C04F79EFBC}") = "ppedv.HighwayToHell.Model", "ppedv.HighwayToHell.Model\ppedv.HighwayToHell.Model.csproj", "{046BCC08-BCF0-48F0-A55A-6D189CFF8FB1}"
EndProject
Project("{FAE04EC0-301F-11D3-BF4B-00C04F79EFBC}") = "ppedv.HighwayToHell.Data.EfCore", "ppedv.HighwayToHell.Data.EfCore\ppedv.HighwayToHell.Data.EfCore.csproj", "{5A8EEFFF-2EE5-4FB9-9B82-A670595EDDD6}"
EndProject
Project("{FAE04EC0-301F-11D3-BF4B-00C04F79EFBC}") = "ppedv.HighwayToHell.Data.EfCore.Tests", "ppedv.HighwayToHell.Data.EfCore.Tests\ppedv.HighwayToHell.Data.EfCore.Tests.csproj", "{0575885B-3E1F-4527-AFBF-D5FCAFF9EAB1}"
EndProject
Project("{FAE04EC0-301F-11D3-BF4B-00C04F79EFBC}") = "ppedv.HighwayToHell.Logic.OrderService", "ppedv.HighwayToHell.Logic.OrderService\ppedv.HighwayToHell.Logic.OrderService.csproj", "{C11D96BB-CDC4-450B-8A69-7A7FA9ACFA69}"
EndProject
Project("{FAE04EC0-301F-11D3-BF4B-00C04F79EFBC}") = "ppedv.HighwayToHell.Logic.OrderService.Tests", "ppedv.HighwayToHell.Logic.OrderService.Tests\ppedv.HighwayToHell.Logic.OrderService.Tests.csproj", "{59B5E848-DBAB-409E-90BD-53D5FB3081C3}"
EndProject
Global
	GlobalSection(SolutionConfigurationPlatforms) = preSolution
		Debug|Any CPU = Debug|Any CPU
		Release|Any CPU = Release|Any CPU
	EndGlobalSection
	GlobalSection(ProjectConfigurationPlatforms) = postSolution
		{046BCC08-BCF0-48F0-A55A-6D189CFF8FB1}.Debug|Any CPU.ActiveCfg = Debug|Any CPU
		{046BCC08-BCF0-48F0-A55A-6D189CFF8FB1}.Debug|Any CPU.Build.0 = Debug|Any CPU
		{046BCC08-BCF0-48F0-A55A-6D189CFF8FB1}.Release|Any CPU.ActiveCfg = Release|Any CPU
		{046BCC08-BCF0-48F0-A55A-6D189CFF8FB1}.Release|Any CPU.Build.0 = Release|Any CPU
		{5A8EEFFF-2EE5-4FB9-9B82-A670595EDDD6}.Debug|Any CPU.ActiveCfg = Debug|Any CPU
		{5A8EEFFF-2EE5-4FB9-9B82-A670595EDDD6}.Debug|Any CPU.Build.0 = Debug|Any CPU
		{5A8EEFFF-2EE5-4FB9-9B82-A670595EDDD6}.Release|Any CPU.ActiveCfg = Release|Any CPU
		{5A8EEFFF-2EE5-4FB9-9B82-A670595EDDD6}.Release|Any CPU.Build.0 = Release|Any CPU
		{0575885B-3E1F-4527-AFBF-D5FCAFF9EAB1}.Debug|Any CPU.ActiveCfg = Debug|Any CPU
		{0575885B-3E1F-4527-AFBF-D5FCAFF9EAB1}.Debug|Any CPU.Build.0 = Debug|Any CPU
		{0575885B-3E1F-4527-AFBF-D5FCAFF9EAB1}.Release|Any CPU.ActiveCfg = Release|Any CPU
		{0575885B-3E1F-4527-AFBF-D5FCAFF9EAB1}.Release|Any CPU.Build.0 = Release|Any CPU
		{C11D96BB-CDC4-450B-8A69-7A7FA9ACFA69}.Debug|Any CPU.ActiveCfg = Debug|Any CPU
		{C11D96BB-CDC4-450B-8A69-7A7FA9ACFA69}.Debug|Any CPU.Build.0 = Debug|Any CPU
		{C11D96BB-CDC4-450B-8A69-7A7FA9ACFA69}.Release|Any CPU.ActiveCfg = Release|Any CPU
		{C11D96BB-CDC4-450B-8A69-7A7FA9ACFA69}.Release|Any CPU.Build.0 = Release|Any CPU
		{59B5E848-DBAB-409E-90BD-53D5FB3081C3}.Debug|Any CPU.ActiveCfg = Debug|Any CPU
		{59B5E848-DBAB-409E-90BD-53D5FB3081C3}.Debug|Any CPU.Build.0 = Debug|Any CPU
		{59B5E848-DBAB-409E-90BD-53D5FB3081C3}.Release|Any CPU.ActiveCfg = Release|Any CPU
		{59B5E848-DBAB-409E-90BD-53D5FB3081C3}.Release|Any CPU.Build.0 = Release|Any CPU
	EndGlobalSection
	GlobalSection(SolutionProperties) = preSolution
		HideSolutionNode = FALSE
	EndGlobalSection
	GlobalSection(ExtensibilityGlobals) = postSolution
		SolutionGuid = {97CACCEE-B38D-4A19-B570-91025F1D2336}
	EndGlobalSection
EndGlobal
