
Microsoft Visual Studio Solution File, Format Version 12.00
# Visual Studio Version 17
VisualStudioVersion = 17.5.33326.253
MinimumVisualStudioVersion = 10.0.40219.1
Project("{FAE04EC0-301F-11D3-BF4B-00C04F79EFBC}") = "WinFormsCutomControls", "WinFormsCutomControls\WinFormsCutomControls.csproj", "{836A4A4C-988F-468E-ACB4-65BD28B37720}"
EndProject
Global
	GlobalSection(SolutionConfigurationPlatforms) = preSolution
		Debug|Any CPU = Debug|Any CPU
		Release|Any CPU = Release|Any CPU
	EndGlobalSection
	GlobalSection(ProjectConfigurationPlatforms) = postSolution
		{836A4A4C-988F-468E-ACB4-65BD28B37720}.Debug|Any CPU.ActiveCfg = Debug|Any CPU
		{836A4A4C-988F-468E-ACB4-65BD28B37720}.Debug|Any CPU.Build.0 = Debug|Any CPU
		{836A4A4C-988F-468E-ACB4-65BD28B37720}.Release|Any CPU.ActiveCfg = Release|Any CPU
		{836A4A4C-988F-468E-ACB4-65BD28B37720}.Release|Any CPU.Build.0 = Release|Any CPU
	EndGlobalSection
	GlobalSection(SolutionProperties) = preSolution
		HideSolutionNode = FALSE
	EndGlobalSection
	GlobalSection(ExtensibilityGlobals) = postSolution
		SolutionGuid = {37F7C7C2-58F2-4672-9B87-743264F1CA0E}
	EndGlobalSection
EndGlobal
